<?xml version="1.0" encoding="utf-8"?>
<Project ToolsVersion="4.0" xmlns="http://schemas.microsoft.com/developer/msbuild/2003">
  <ItemGroup>
    <Filter Include="USER">
      <UniqueIdentifier>{0694264f-be2a-478d-a623-2ef3aa06fa61}</UniqueIdentifier>
    </Filter>
    <Filter Include="HEARWARE">
      <UniqueIdentifier>{57c2eaf8-1381-4551-87af-f0dc140b5b72}</UniqueIdentifier>
    </Filter>
    <Filter Include="HEARWARE\LED">
      <UniqueIdentifier>{a3006acd-c49b-41c6-8a4f-9d61f3782612}</UniqueIdentifier>
    </Filter>
    <Filter Include="HEARWARE\MOVE">
      <UniqueIdentifier>{c12ac47f-4925-4e31-80a4-b0eb13abd44b}</UniqueIdentifier>
    </Filter>
    <Filter Include="HEARWARE\PWM">
      <UniqueIdentifier>{6420c59b-a416-4e12-8aac-4d77808bbbdd}</UniqueIdentifier>
    </Filter>
    <Filter Include="HEARWARE\TIMER">
      <UniqueIdentifier>{7bb4949d-ae8f-45b8-8f65-591d18e7f2ee}</UniqueIdentifier>
    </Filter>
    <Filter Include="HEARWARE\USART">
      <UniqueIdentifier>{27a895a8-cded-4c2f-91c1-62a9dd8660b0}</UniqueIdentifier>
    </Filter>
    <Filter Include="SYSTEM">
      <UniqueIdentifier>{c1e71f5b-c255-437b-a040-e5daf11741a8}</UniqueIdentifier>
    </Filter>
    <Filter Include="FWLIB">
      <UniqueIdentifier>{1710b625-501c-4c74-a2b4-32845e246755}</UniqueIdentifier>
    </Filter>
    <Filter Include="FWLIB\inc">
      <UniqueIdentifier>{fea403a4-4e9d-4c9f-9553-7c0d1b454236}</UniqueIdentifier>
    </Filter>
    <Filter Include="FWLIB\src">
      <UniqueIdentifier>{cadf8ba3-bd80-4875-af71-1a47ac366224}</UniqueIdentifier>
    </Filter>
    <Filter Include="SYSTEM\delay">
      <UniqueIdentifier>{4ad3584c-b337-4d90-907c-8502988a28de}</UniqueIdentifier>
    </Filter>
    <Filter Include="SYSTEM\sys">
      <UniqueIdentifier>{402bea05-9fae-4049-ab37-9561c6420b2b}</UniqueIdentifier>
    </Filter>
  </ItemGroup>
  <ItemGroup>
    <ClCompile Include="HARDWARE\USART\usart.c">
      <Filter>HEARWARE\USART</Filter>
    </ClCompile>
    <ClCompile Include="HARDWARE\LED\led.c">
      <Filter>HEARWARE\LED</Filter>
    </ClCompile>
    <ClCompile Include="HARDWARE\MOVE\move.c">
      <Filter>HEARWARE\MOVE</Filter>
    </ClCompile>
    <ClCompile Include="HARDWARE\TIMER\timer.c">
      <Filter>HEARWARE\TIMER</Filter>
    </ClCompile>
    <ClCompile Include="HARDWARE\PWM\pwm.c">
      <Filter>HEARWARE\PWM</Filter>
    </ClCompile>
    <ClCompile Include="USER\main.c">
      <Filter>USER</Filter>
    </ClCompile>
    <ClCompile Include="USER\stm32f4xx_it.c">
      <Filter>USER</Filter>
    </ClCompile>
    <ClCompile Include="USER\system_stm32f4xx.c">
      <Filter>USER</Filter>
    </ClCompile>
    <ClCompile Include="FWLIB\src\misc.c">
      <Filter>FWLIB\src</Filter>
    </ClCompile>
    <ClCompile Include="FWLIB\src\stm32f4xx_adc.c">
      <Filter>FWLIB\src</Filter>
    </ClCompile>
    <ClCompile Include="FWLIB\src\stm32f4xx_can.c">
      <Filter>FWLIB\src</Filter>
    </ClCompile>
    <ClCompile Include="FWLIB\src\stm32f4xx_crc.c">
      <Filter>FWLIB\src</Filter>
    </ClCompile>
    <ClCompile Include="FWLIB\src\stm32f4xx_cryp.c">
      <Filter>FWLIB\src</Filter>
    </ClCompile>
    <ClCompile Include="FWLIB\src\stm32f4xx_cryp_aes.c">
      <Filter>FWLIB\src</Filter>
    </ClCompile>
    <ClCompile Include="FWLIB\src\stm32f4xx_cryp_des.c">
      <Filter>FWLIB\src</Filter>
    </ClCompile>
    <ClCompile Include="FWLIB\src\stm32f4xx_cryp_tdes.c">
      <Filter>FWLIB\src</Filter>
    </ClCompile>
    <ClCompile Include="FWLIB\src\stm32f4xx_dac.c">
      <Filter>FWLIB\src</Filter>
    </ClCompile>
    <ClCompile Include="FWLIB\src\stm32f4xx_dbgmcu.c">
      <Filter>FWLIB\src</Filter>
    </ClCompile>
    <ClCompile Include="FWLIB\src\stm32f4xx_dcmi.c">
      <Filter>FWLIB\src</Filter>
    </ClCompile>
    <ClCompile Include="FWLIB\src\stm32f4xx_dma.c">
      <Filter>FWLIB\src</Filter>
    </ClCompile>
    <ClCompile Include="FWLIB\src\stm32f4xx_dma2d.c">
      <Filter>FWLIB\src</Filter>
    </ClCompile>
    <ClCompile Include="FWLIB\src\stm32f4xx_exti.c">
      <Filter>FWLIB\src</Filter>
    </ClCompile>
    <ClCompile Include="FWLIB\src\stm32f4xx_flash.c">
      <Filter>FWLIB\src</Filter>
    </ClCompile>
    <ClCompile Include="FWLIB\src\stm32f4xx_flash_ramfunc.c">
      <Filter>FWLIB\src</Filter>
    </ClCompile>
    <ClCompile Include="FWLIB\src\stm32f4xx_fmc.c">
      <Filter>FWLIB\src</Filter>
    </ClCompile>
    <ClCompile Include="FWLIB\src\stm32f4xx_fsmc.c">
      <Filter>FWLIB\src</Filter>
    </ClCompile>
    <ClCompile Include="FWLIB\src\stm32f4xx_gpio.c">
      <Filter>FWLIB\src</Filter>
    </ClCompile>
    <ClCompile Include="FWLIB\src\stm32f4xx_hash.c">
      <Filter>FWLIB\src</Filter>
    </ClCompile>
    <ClCompile Include="FWLIB\src\stm32f4xx_hash_md5.c">
      <Filter>FWLIB\src</Filter>
    </ClCompile>
    <ClCompile Include="FWLIB\src\stm32f4xx_hash_sha1.c">
      <Filter>FWLIB\src</Filter>
    </ClCompile>
    <ClCompile Include="FWLIB\src\stm32f4xx_i2c.c">
      <Filter>FWLIB\src</Filter>
    </ClCompile>
    <ClCompile Include="FWLIB\src\stm32f4xx_iwdg.c">
      <Filter>FWLIB\src</Filter>
    </ClCompile>
    <ClCompile Include="FWLIB\src\stm32f4xx_ltdc.c">
      <Filter>FWLIB\src</Filter>
    </ClCompile>
    <ClCompile Include="FWLIB\src\stm32f4xx_pwr.c">
      <Filter>FWLIB\src</Filter>
    </ClCompile>
    <ClCompile Include="FWLIB\src\stm32f4xx_rcc.c">
      <Filter>FWLIB\src</Filter>
    </ClCompile>
    <ClCompile Include="FWLIB\src\stm32f4xx_rng.c">
      <Filter>FWLIB\src</Filter>
    </ClCompile>
    <ClCompile Include="FWLIB\src\stm32f4xx_rtc.c">
      <Filter>FWLIB\src</Filter>
    </ClCompile>
    <ClCompile Include="FWLIB\src\stm32f4xx_sai.c">
      <Filter>FWLIB\src</Filter>
    </ClCompile>
    <ClCompile Include="FWLIB\src\stm32f4xx_sdio.c">
      <Filter>FWLIB\src</Filter>
    </ClCompile>
    <ClCompile Include="FWLIB\src\stm32f4xx_spi.c">
      <Filter>FWLIB\src</Filter>
    </ClCompile>
    <ClCompile Include="FWLIB\src\stm32f4xx_syscfg.c">
      <Filter>FWLIB\src</Filter>
    </ClCompile>
    <ClCompile Include="FWLIB\src\stm32f4xx_tim.c">
      <Filter>FWLIB\src</Filter>
    </ClCompile>
    <ClCompile Include="FWLIB\src\stm32f4xx_usart.c">
      <Filter>FWLIB\src</Filter>
    </ClCompile>
    <ClCompile Include="FWLIB\src\stm32f4xx_wwdg.c">
      <Filter>FWLIB\src</Filter>
    </ClCompile>
    <ClCompile Include="SYSTEM\delay\delay.c">
      <Filter>SYSTEM\delay</Filter>
    </ClCompile>
    <ClCompile Include="SYSTEM\sys\sys.c">
      <Filter>SYSTEM\sys</Filter>
    </ClCompile>
  </ItemGroup>
  <ItemGroup>
    <ClInclude Include="HARDWARE\USART\usart.h">
      <Filter>HEARWARE\USART</Filter>
    </ClInclude>
    <ClInclude Include="HARDWARE\LED\led.h">
      <Filter>HEARWARE\LED</Filter>
    </ClInclude>
    <ClInclude Include="HARDWARE\MOVE\move.h">
      <Filter>HEARWARE\MOVE</Filter>
    </ClInclude>
    <ClInclude Include="HARDWARE\TIMER\timer.h">
      <Filter>HEARWARE\TIMER</Filter>
    </ClInclude>
    <ClInclude Include="HARDWARE\PWM\pwm.h">
      <Filter>HEARWARE\PWM</Filter>
    </ClInclude>
    <ClInclude Include="USER\stm32f4xx.h">
      <Filter>USER</Filter>
    </ClInclude>
    <ClInclude Include="USER\stm32f4xx_conf.h">
      <Filter>USER</Filter>
    </ClInclude>
    <ClInclude Include="USER\stm32f4xx_it.h">
      <Filter>USER</Filter>
    </ClInclude>
    <ClInclude Include="USER\system_stm32f4xx.h">
      <Filter>USER</Filter>
    </ClInclude>
    <ClInclude Include="FWLIB\inc\misc.h">
      <Filter>FWLIB\inc</Filter>
    </ClInclude>
    <ClInclude Include="FWLIB\inc\stm32f4xx_adc.h">
      <Filter>FWLIB\inc</Filter>
    </ClInclude>
    <ClInclude Include="FWLIB\inc\stm32f4xx_can.h">
      <Filter>FWLIB\inc</Filter>
    </ClInclude>
    <ClInclude Include="FWLIB\inc\stm32f4xx_crc.h">
      <Filter>FWLIB\inc</Filter>
    </ClInclude>
    <ClInclude Include="FWLIB\inc\stm32f4xx_cryp.h">
      <Filter>FWLIB\inc</Filter>
    </ClInclude>
    <ClInclude Include="FWLIB\inc\stm32f4xx_dac.h">
      <Filter>FWLIB\inc</Filter>
    </ClInclude>
    <ClInclude Include="FWLIB\inc\stm32f4xx_dbgmcu.h">
      <Filter>FWLIB\inc</Filter>
    </ClInclude>
    <ClInclude Include="FWLIB\inc\stm32f4xx_dcmi.h">
      <Filter>FWLIB\inc</Filter>
    </ClInclude>
    <ClInclude Include="FWLIB\inc\stm32f4xx_dma.h">
      <Filter>FWLIB\inc</Filter>
    </ClInclude>
    <ClInclude Include="FWLIB\inc\stm32f4xx_dma2d.h">
      <Filter>FWLIB\inc</Filter>
    </ClInclude>
    <ClInclude Include="FWLIB\inc\stm32f4xx_exti.h">
      <Filter>FWLIB\inc</Filter>
    </ClInclude>
    <ClInclude Include="FWLIB\inc\stm32f4xx_flash.h">
      <Filter>FWLIB\inc</Filter>
    </ClInclude>
    <ClInclude Include="FWLIB\inc\stm32f4xx_flash_ramfunc.h">
      <Filter>FWLIB\inc</Filter>
    </ClInclude>
    <ClInclude Include="FWLIB\inc\stm32f4xx_fmc.h">
      <Filter>FWLIB\inc</Filter>
    </ClInclude>
    <ClInclude Include="FWLIB\inc\stm32f4xx_fsmc.h">
      <Filter>FWLIB\inc</Filter>
    </ClInclude>
    <ClInclude Include="FWLIB\inc\stm32f4xx_gpio.h">
      <Filter>FWLIB\inc</Filter>
    </ClInclude>
    <ClInclude Include="FWLIB\inc\stm32f4xx_hash.h">
      <Filter>FWLIB\inc</Filter>
    </ClInclude>
    <ClInclude Include="FWLIB\inc\stm32f4xx_i2c.h">
      <Filter>FWLIB\inc</Filter>
    </ClInclude>
    <ClInclude Include="FWLIB\inc\stm32f4xx_iwdg.h">
      <Filter>FWLIB\inc</Filter>
    </ClInclude>
    <ClInclude Include="FWLIB\inc\stm32f4xx_ltdc.h">
      <Filter>FWLIB\inc</Filter>
    </ClInclude>
    <ClInclude Include="FWLIB\inc\stm32f4xx_pwr.h">
      <Filter>FWLIB\inc</Filter>
    </ClInclude>
    <ClInclude Include="FWLIB\inc\stm32f4xx_rcc.h">
      <Filter>FWLIB\inc</Filter>
    </ClInclude>
    <ClInclude Include="FWLIB\inc\stm32f4xx_rng.h">
      <Filter>FWLIB\inc</Filter>
    </ClInclude>
    <ClInclude Include="FWLIB\inc\stm32f4xx_rtc.h">
      <Filter>FWLIB\inc</Filter>
    </ClInclude>
    <ClInclude Include="FWLIB\inc\stm32f4xx_sai.h">
      <Filter>FWLIB\inc</Filter>
    </ClInclude>
    <ClInclude Include="FWLIB\inc\stm32f4xx_sdio.h">
      <Filter>FWLIB\inc</Filter>
    </ClInclude>
    <ClInclude Include="FWLIB\inc\stm32f4xx_spi.h">
      <Filter>FWLIB\inc</Filter>
    </ClInclude>
    <ClInclude Include="FWLIB\inc\stm32f4xx_syscfg.h">
      <Filter>FWLIB\inc</Filter>
    </ClInclude>
    <ClInclude Include="FWLIB\inc\stm32f4xx_tim.h">
      <Filter>FWLIB\inc</Filter>
    </ClInclude>
    <ClInclude Include="FWLIB\inc\stm32f4xx_usart.h">
      <Filter>FWLIB\inc</Filter>
    </ClInclude>
    <ClInclude Include="FWLIB\inc\stm32f4xx_wwdg.h">
      <Filter>FWLIB\inc</Filter>
    </ClInclude>
    <ClInclude Include="SYSTEM\delay\delay.h">
      <Filter>SYSTEM\delay</Filter>
    </ClInclude>
    <ClInclude Include="SYSTEM\sys\sys.h">
      <Filter>SYSTEM\sys</Filter>
    </ClInclude>
  </ItemGroup>
</Project>